
Microsoft Visual Studio Solution File, Format Version 12.00
# Visual Studio Version 17
VisualStudioVersion = 17.14.36121.58 d17.14
MinimumVisualStudioVersion = 10.0.40219.1
Project("{FAE04EC0-301F-11D3-BF4B-00C04F79EFBC}") = "RazorPagesMovie", "RazorPagesMovie.csproj", "{BEDA7513-F3C6-47BF-9968-BE8A975BD76E}"
EndProject
Global
	GlobalSection(SolutionConfigurationPlatforms) = preSolution
		Debug|Any CPU = Debug|Any CPU
		Release|Any CPU = Release|Any CPU
	EndGlobalSection
	GlobalSection(ProjectConfigurationPlatforms) = postSolution
		{BEDA7513-F3C6-47BF-9968-BE8A975BD76E}.Debug|Any CPU.ActiveCfg = Debug|Any CPU
		{BEDA7513-F3C6-47BF-9968-BE8A975BD76E}.Debug|Any CPU.Build.0 = Debug|Any CPU
		{BEDA7513-F3C6-47BF-9968-BE8A975BD76E}.Release|Any CPU.ActiveCfg = Release|Any CPU
		{BEDA7513-F3C6-47BF-9968-BE8A975BD76E}.Release|Any CPU.Build.0 = Release|Any CPU
	EndGlobalSection
	GlobalSection(SolutionProperties) = preSolution
		HideSolutionNode = FALSE
	EndGlobalSection
	GlobalSection(ExtensibilityGlobals) = postSolution
		SolutionGuid = {DE5AB9C0-BE79-4E18-A87F-FBBAC34DC2CB}
	EndGlobalSection
EndGlobal
